{
  "name": "survey-tool-elm",
  "version": "1.0.0",
  "lockfileVersion": 3,
  "requires": true,
  "packages": {
    "": {
      "name": "survey-tool-elm",
      "version": "1.0.0",
      "license": "MIT",
      "dependencies": {
        "@fortawesome/fontawesome-free": "^6.4.2",
        "flag-icons": "^7.0.2",
        "tachyons": "^4.12.0"
      }
    },
    "node_modules/@fortawesome/fontawesome-free": {
      "version": "6.4.2",
      "resolved": "https://registry.npmjs.org/@fortawesome/fontawesome-free/-/fontawesome-free-6.4.2.tgz",
      "integrity": "sha512-m5cPn3e2+FDCOgi1mz0RexTUvvQibBebOUlUlW0+YrMjDTPkiJ6VTKukA1GRsvRw+12KyJndNjj0O4AgTxm2Pg==",
      "hasInstallScript": true,
      "engines": {
        "node": ">=6"
      }
    },
    "node_modules/flag-icons": {
      "version": "7.0.2",
      "resolved": "https://registry.npmjs.org/flag-icons/-/flag-icons-7.0.2.tgz",
      "integrity": "sha512-d54NSa0t4GcKflhZWzxjpxj315DScbtdzqVdZKJl+R0zjtHNiLLuUl9Lis+UJRRL/YJbJ80JXP9FYQ4u/eGXAg=="
    },
    "node_modules/tachyons": {
      "version": "4.12.0",
      "resolved": "https://registry.npmjs.org/tachyons/-/tachyons-4.12.0.tgz",
      "integrity": "sha512-2nA2IrYFy3raCM9fxJ2KODRGHVSZNTW3BR0YnlGsLUf1DA3pk3YfWZ/DdfbnZK6zLZS+jUenlUGJsKcA5fUiZg=="
    }
  }
}
