{
  "name": "survey-tool-elm",
  "version": "1.0.0",
  "lockfileVersion": 1,
  "requires": true,
  "dependencies": {
    "@fortawesome/fontawesome-free": {
      "version": "5.6.3",
      "resolved": "https://registry.npmjs.org/@fortawesome/fontawesome-free/-/fontawesome-free-5.6.3.tgz",
      "integrity": "sha512-s5PLdI9NYgjBvfrv6rhirPHlAHWx+Sfo/IjsAeiXYfmemC/GSjwsyz1wLnGPazbLPXWfk62ks980o9AmsxYUEQ=="
    },
    "flag-icon-css": {
      "version": "3.2.1",
      "resolved": "https://registry.npmjs.org/flag-icon-css/-/flag-icon-css-3.2.1.tgz",
      "integrity": "sha512-0t7zPm2crM2cBIm3epZQ+EmiHuzgFNTTSMUMkWlrztDDGL+y31D+eY8zaB9zYCzJGAsn4KEMAKY+jCU1mt9jwg=="
    },
    "tachyons": {
      "version": "4.11.1",
      "resolved": "https://registry.npmjs.org/tachyons/-/tachyons-4.11.1.tgz",
      "integrity": "sha512-n5zIZ8i8kZ8vz05vX1BdvkP8b9ufsMeSRmdqTuUtz5rlNxr03nntiZMc/HTADIsPYZj/wZJDJglxV0/yvvaiZA=="
    }
  }
}
